// !$*UTF8*$!
{
	archiveVersion = 1;
	classes = {
	};
	objectVersion = 90;
	objects = {

/* Begin PBXBuildFile section */
		000000000000000901000000 /* FacebookLogin in Frameworks */ = {isa = PBXBuildFile; productRef = 000000000000000900000000 /* FacebookLogin */; };
		000000000000000911000000 /* FacebookCore in Frameworks */ = {isa = PBXBuildFile; productRef = 000000000000000910000000 /* FacebookCore */; };
		000000000000000310000000 /* Observability in Frameworks */ = {isa = PBXBuildFile; productRef = 000000000000000300000000 /* Observability */; };
		000000000000000330000000 /* Observability in Frameworks */ = {isa = PBXBuildFile; productRef = 000000000000000320000000 /* Observability */; };
		000000000000000811000000 /* SecretDJDomain in Frameworks */ = {isa = PBXBuildFile; productRef = 000000000000000810000000 /* SecretDJDomain */; };
		000000000000000821000000 /* SecretDJAPI in Frameworks */ = {isa = PBXBuildFile; productRef = 000000000000000820000000 /* SecretDJAPI */; };
		000000000000000350000000 /* ObservabilityTelemetryDeck in Frameworks */ = {isa = PBXBuildFile; productRef = 000000000000000340000000 /* ObservabilityTelemetryDeck */; };
		000000000000000370000000 /* ObservabilitySentry in Frameworks */ = {isa = PBXBuildFile; productRef = 000000000000000360000000 /* ObservabilitySentry */; };
		000000000000000611000000 /* SecretDJDomain in Frameworks */ = {isa = PBXBuildFile; productRef = 000000000000000610000000 /* SecretDJDomain */; };
		000000000000000621000000 /* SecretDJAPI in Frameworks */ = {isa = PBXBuildFile; productRef = 000000000000000620000000 /* SecretDJAPI */; };
		000000000000000631000000 /* FeedUI in Frameworks */ = {isa = PBXBuildFile; productRef = 000000000000000630000000 /* FeedUI */; };
		000000000000000641000000 /* DesignSystem in Frameworks */ = {isa = PBXBuildFile; productRef = 000000000000000640000000 /* DesignSystem */; };
		000000000000000651000000 /* SharedFeatures in Frameworks */ = {isa = PBXBuildFile; productRef = 000000000000000650000000 /* SharedFeatures */; };
		000000000000000711000000 /* SecretDJDomain in Frameworks */ = {isa = PBXBuildFile; productRef = 000000000000000710000000 /* SecretDJDomain */; };
		000000000000000721000000 /* SecretDJAPI in Frameworks */ = {isa = PBXBuildFile; productRef = 000000000000000720000000 /* SecretDJAPI */; };
		000000000000000731000000 /* FeedUI in Frameworks */ = {isa = PBXBuildFile; productRef = 000000000000000730000000 /* FeedUI */; };
		000000000000000741000000 /* DesignSystem in Frameworks */ = {isa = PBXBuildFile; productRef = 000000000000000740000000 /* DesignSystem */; };
		000000000000000751000000 /* SharedFeatures in Frameworks */ = {isa = PBXBuildFile; productRef = 000000000000000750000000 /* SharedFeatures */; };
		000000000000000761000000 /* Observability in Frameworks */ = {isa = PBXBuildFile; productRef = 000000000000000760000000 /* Observability */; };
/* End PBXBuildFile section */

/* Begin PBXContainerItemProxy section */
		000000000000000260000000 /* PBXContainerItemProxy */ = {
			isa = PBXContainerItemProxy;
			containerPortal = 000000000000000000000000 /* Project object */;
			proxyType = 1;
			remoteGlobalIDString = 000000000000000100000000;
			remoteInfo = "SecretDJ";
		};
		000000000000000560000000 /* PBXContainerItemProxy */ = {
			isa = PBXContainerItemProxy;
			containerPortal = 000000000000000000000000 /* Project object */;
			proxyType = 1;
			remoteGlobalIDString = 000000000000000400000000;
			remoteInfo = "SecretDJKiosk";
		};
		000000000000000935000000 /* PBXContainerItemProxy */ = {
			isa = PBXContainerItemProxy;
			containerPortal = 000000000000000000000000 /* Project object */;
			proxyType = 1;
			remoteGlobalIDString = 000000000000000100000000;
			remoteInfo = "SecretDJ";
		};
		000000000000000955000000 /* PBXContainerItemProxy */ = {
			isa = PBXContainerItemProxy;
			containerPortal = 000000000000000000000000 /* Project object */;
			proxyType = 1;
			remoteGlobalIDString = 000000000000000400000000;
			remoteInfo = "SecretDJKiosk";
		};
/* End PBXContainerItemProxy section */

/* Begin PBXFileReference section */
		000000000000000000000120 /* SecretDJ.app */ = {isa = PBXFileReference; explicitFileType = wrapper.application; includeInIndex = 0; path = "SecretDJ.app"; sourceTree = BUILT_PRODUCTS_DIR; };
		000000000000000000000220 /* SecretDJTests.xctest */ = {isa = PBXFileReference; explicitFileType = wrapper.cfbundle; includeInIndex = 0; path = "SecretDJTests.xctest"; sourceTree = BUILT_PRODUCTS_DIR; };
		000000000000000000000420 /* SecretDJKiosk.app */ = {isa = PBXFileReference; explicitFileType = wrapper.application; includeInIndex = 0; path = "SecretDJKiosk.app"; sourceTree = BUILT_PRODUCTS_DIR; };
		000000000000000000000520 /* SecretDJKioskTests.xctest */ = {isa = PBXFileReference; explicitFileType = wrapper.cfbundle; includeInIndex = 0; path = "SecretDJKioskTests.xctest"; sourceTree = BUILT_PRODUCTS_DIR; };
		000000000000000000000920 /* SecretDJUITests.xctest */ = {isa = PBXFileReference; explicitFileType = wrapper.cfbundle; includeInIndex = 0; path = "SecretDJUITests.xctest"; sourceTree = BUILT_PRODUCTS_DIR; };
		000000000000000000000940 /* SecretDJKioskUITests.xctest */ = {isa = PBXFileReference; explicitFileType = wrapper.cfbundle; includeInIndex = 0; path = "SecretDJKioskUITests.xctest"; sourceTree = BUILT_PRODUCTS_DIR; };
/* End PBXFileReference section */

/* Begin PBXFileSystemSynchronizedBuildFileExceptionSet section */
		000000000000000000000011 /* Exceptions for "SecretDJ" folder in "SecretDJ" target */ = {
			isa = PBXFileSystemSynchronizedBuildFileExceptionSet;
			membershipExceptions = (
				Info.plist,
			);
			target = 000000000000000100000000 /* SecretDJ */;
		};
/* End PBXFileSystemSynchronizedBuildFileExceptionSet section */

/* Begin PBXFileSystemSynchronizedRootGroup section */
		000000000000000000000010 /* SecretDJ */ = {
			isa = PBXFileSystemSynchronizedRootGroup;
			exceptions = (
				000000000000000000000011 /* Exceptions for "SecretDJ" folder in "SecretDJ" target */,
			);
			path = "SecretDJ";
			sourceTree = "<group>";
		};
		000000000000000000000030 /* SecretDJTests */ = {
			isa = PBXFileSystemSynchronizedRootGroup;
			path = "SecretDJTests";
			sourceTree = "<group>";
		};
		000000000000000000000050 /* SecretDJKiosk */ = {
			isa = PBXFileSystemSynchronizedRootGroup;
			path = "SecretDJKiosk";
			sourceTree = "<group>";
		};
		000000000000000000000060 /* SecretDJKioskTests */ = {
			isa = PBXFileSystemSynchronizedRootGroup;
			path = "SecretDJKioskTests";
			sourceTree = "<group>";
		};
		000000000000000000000933 /* SecretDJUITests */ = {
			isa = PBXFileSystemSynchronizedRootGroup;
			path = "SecretDJUITests";
			sourceTree = "<group>";
		};
		000000000000000000000953 /* SecretDJKioskUITests */ = {
			isa = PBXFileSystemSynchronizedRootGroup;
			path = "SecretDJKioskUITests";
			sourceTree = "<group>";
		};
/* End PBXFileSystemSynchronizedRootGroup section */

/* Begin PBXFrameworksBuildPhase section */
		000000000000000130000000 /* Frameworks */ = {
			isa = PBXFrameworksBuildPhase;
			files = (
				000000000000000901000000 /* FacebookLogin in Frameworks */,
				000000000000000911000000 /* FacebookCore in Frameworks */,
				000000000000000310000000 /* Observability in Frameworks */,
				000000000000000370000000 /* ObservabilitySentry in Frameworks */,
				000000000000000350000000 /* ObservabilityTelemetryDeck in Frameworks */,
				000000000000000611000000 /* SecretDJDomain in Frameworks */,
				000000000000000621000000 /* SecretDJAPI in Frameworks */,
				000000000000000631000000 /* FeedUI in Frameworks */,
				000000000000000641000000 /* DesignSystem in Frameworks */,
				000000000000000651000000 /* SharedFeatures in Frameworks */,
			);
		};
		000000000000000230000000 /* Frameworks */ = {
			isa = PBXFrameworksBuildPhase;
			files = (
				000000000000000330000000 /* Observability in Frameworks */,
				000000000000000811000000 /* SecretDJDomain in Frameworks */,
				000000000000000821000000 /* SecretDJAPI in Frameworks */,
			);
		};
		000000000000000430000000 /* Frameworks */ = {
			isa = PBXFrameworksBuildPhase;
			files = (
				000000000000000711000000 /* SecretDJDomain in Frameworks */,
				000000000000000721000000 /* SecretDJAPI in Frameworks */,
				000000000000000731000000 /* FeedUI in Frameworks */,
				000000000000000741000000 /* DesignSystem in Frameworks */,
				000000000000000751000000 /* SharedFeatures in Frameworks */,
				000000000000000761000000 /* Observability in Frameworks */,
			);
		};
		000000000000000530000000 /* Frameworks */ = {
			isa = PBXFrameworksBuildPhase;
			files = (
			);
		};
		000000000000000932000000 /* Frameworks */ = {
			isa = PBXFrameworksBuildPhase;
			files = (
			);
		};
		000000000000000952000000 /* Frameworks */ = {
			isa = PBXFrameworksBuildPhase;
			files = (
			);
		};
/* End PBXFrameworksBuildPhase section */

/* Begin PBXGroup section */
		000000000000000000000001 = {
			isa = PBXGroup;
			children = (
				000000000000000000000010 /* SecretDJ */,
				000000000000000000000030 /* SecretDJTests */,
				000000000000000000000933 /* SecretDJUITests */,
				000000000000000000000050 /* SecretDJKiosk */,
				000000000000000000000060 /* SecretDJKioskTests */,
				000000000000000000000953 /* SecretDJKioskUITests */,
				000000000000000000000020 /* Products */,
			);
			sourceTree = "<group>";
		};
		000000000000000000000020 /* Products */ = {
			isa = PBXGroup;
			children = (
				000000000000000000000120 /* SecretDJ.app */,
				000000000000000000000220 /* SecretDJTests.xctest */,
				000000000000000000000920 /* SecretDJUITests.xctest */,
				000000000000000000000420 /* SecretDJKiosk.app */,
				000000000000000000000520 /* SecretDJKioskTests.xctest */,
				000000000000000000000940 /* SecretDJKioskUITests.xctest */,
			);
			name = Products;
			sourceTree = "<group>";
		};
/* End PBXGroup section */

/* Begin PBXNativeTarget section */
		000000000000000100000000 /* SecretDJ */ = {
			isa = PBXNativeTarget;
			buildConfigurationList = 000000000000000110000000 /* Build configuration list for PBXNativeTarget "SecretDJ" */;
			buildPhases = (
				000000000000000120000000 /* Sources */,
				000000000000000130000000 /* Frameworks */,
				000000000000000140000000 /* Resources */,
				000000000000000380000000 /* Upload Debug Symbols to Sentry */,
			);
			buildRules = (
			);
			fileSystemSynchronizedGroups = (
				000000000000000000000010 /* SecretDJ */,
			);
			name = "SecretDJ";
			packageProductDependencies = (
				000000000000000900000000 /* FacebookLogin */,
				000000000000000910000000 /* FacebookCore */,
				000000000000000300000000 /* Observability */,
				000000000000000340000000 /* ObservabilityTelemetryDeck */,
				000000000000000360000000 /* ObservabilitySentry */,
				000000000000000610000000 /* SecretDJDomain */,
				000000000000000620000000 /* SecretDJAPI */,
				000000000000000630000000 /* FeedUI */,
				000000000000000640000000 /* DesignSystem */,
				000000000000000650000000 /* SharedFeatures */,
			);
			productName = SecretDJ;
			productReference = 000000000000000000000120 /* SecretDJ.app */;
			productType = "com.apple.product-type.application";
		};
		000000000000000200000000 /* SecretDJTests */ = {
			isa = PBXNativeTarget;
			buildConfigurationList = 000000000000000210000000 /* Build configuration list for PBXNativeTarget "SecretDJTests" */;
			buildPhases = (
				000000000000000220000000 /* Sources */,
				000000000000000230000000 /* Frameworks */,
			);
			buildRules = (
			);
			dependencies = (
				000000000000000250000000 /* PBXTargetDependency */,
			);
			fileSystemSynchronizedGroups = (
				000000000000000000000030 /* SecretDJTests */,
			);
			name = "SecretDJTests";
			packageProductDependencies = (
				000000000000000320000000 /* Observability */,
				000000000000000810000000 /* SecretDJDomain */,
				000000000000000820000000 /* SecretDJAPI */,
			);
			productName = "SecretDJTests";
			productReference = 000000000000000000000220 /* SecretDJTests.xctest */;
			productType = "com.apple.product-type.bundle.unit-test";
		};
		000000000000000400000000 /* SecretDJKiosk */ = {
			isa = PBXNativeTarget;
			buildConfigurationList = 000000000000000410000000 /* Build configuration list for PBXNativeTarget "SecretDJKiosk" */;
			buildPhases = (
				000000000000000420000000 /* Sources */,
				000000000000000430000000 /* Frameworks */,
				000000000000000440000000 /* Resources */,
			);
			buildRules = (
			);
			fileSystemSynchronizedGroups = (
				000000000000000000000050 /* SecretDJKiosk */,
			);
			name = "SecretDJKiosk";
			packageProductDependencies = (
				000000000000000710000000 /* SecretDJDomain */,
				000000000000000720000000 /* SecretDJAPI */,
				000000000000000730000000 /* FeedUI */,
				000000000000000740000000 /* DesignSystem */,
				000000000000000750000000 /* SharedFeatures */,
				000000000000000760000000 /* Observability */,
			);
			productName = SecretDJKiosk;
			productReference = 000000000000000000000420 /* SecretDJKiosk.app */;
			productType = "com.apple.product-type.application";
		};
		000000000000000500000000 /* SecretDJKioskTests */ = {
			isa = PBXNativeTarget;
			buildConfigurationList = 000000000000000510000000 /* Build configuration list for PBXNativeTarget "SecretDJKioskTests" */;
			buildPhases = (
				000000000000000520000000 /* Sources */,
				000000000000000530000000 /* Frameworks */,
			);
			buildRules = (
			);
			dependencies = (
				000000000000000550000000 /* PBXTargetDependency */,
			);
			fileSystemSynchronizedGroups = (
				000000000000000000000060 /* SecretDJKioskTests */,
			);
			name = "SecretDJKioskTests";
			productName = "SecretDJKioskTests";
			productReference = 000000000000000000000520 /* SecretDJKioskTests.xctest */;
			productType = "com.apple.product-type.bundle.unit-test";
		};
		000000000000000930000000 /* SecretDJUITests */ = {
			isa = PBXNativeTarget;
			buildConfigurationList = 000000000000000936000000 /* Build configuration list for PBXNativeTarget "SecretDJUITests" */;
			buildPhases = (
				000000000000000931000000 /* Sources */,
				000000000000000932000000 /* Frameworks */,
			);
			buildRules = (
			);
			dependencies = (
				000000000000000934000000 /* PBXTargetDependency */,
			);
			fileSystemSynchronizedGroups = (
				000000000000000000000933 /* SecretDJUITests */,
			);
			name = "SecretDJUITests";
			productName = "SecretDJUITests";
			productReference = 000000000000000000000920 /* SecretDJUITests.xctest */;
			productType = "com.apple.product-type.bundle.ui-testing";
		};
		000000000000000950000000 /* SecretDJKioskUITests */ = {
			isa = PBXNativeTarget;
			buildConfigurationList = 000000000000000956000000 /* Build configuration list for PBXNativeTarget "SecretDJKioskUITests" */;
			buildPhases = (
				000000000000000951000000 /* Sources */,
				000000000000000952000000 /* Frameworks */,
			);
			buildRules = (
			);
			dependencies = (
				000000000000000954000000 /* PBXTargetDependency */,
			);
			fileSystemSynchronizedGroups = (
				000000000000000000000953 /* SecretDJKioskUITests */,
			);
			name = "SecretDJKioskUITests";
			productName = "SecretDJKioskUITests";
			productReference = 000000000000000000000940 /* SecretDJKioskUITests.xctest */;
			productType = "com.apple.product-type.bundle.ui-testing";
		};
/* End PBXNativeTarget section */

/* Begin PBXProject section */
		000000000000000000000000 /* Project object */ = {
			isa = PBXProject;
			attributes = {
				BuildIndependentTargetsInParallel = 1;
				LastSwiftUpdateCheck = 2630;
				LastUpgradeCheck = 2700;
				TargetAttributes = {
					000000000000000100000000 = {
						CreatedOnToolsVersion = 26.3;
					};
					000000000000000200000000 = {
						CreatedOnToolsVersion = 27.0;
						TestTargetID = 000000000000000100000000;
					};
					000000000000000400000000 = {
						CreatedOnToolsVersion = 27.0;
					};
					000000000000000500000000 = {
						CreatedOnToolsVersion = 27.0;
						TestTargetID = 000000000000000400000000;
					};
					000000000000000930000000 = {
						CreatedOnToolsVersion = 27.0;
						TestTargetID = 000000000000000100000000;
					};
					000000000000000950000000 = {
						CreatedOnToolsVersion = 27.0;
						TestTargetID = 000000000000000400000000;
					};
				};
			};
			buildConfigurationList = 000000000000000010000000 /* Build configuration list for PBXProject "SecretDJ" */;
			developmentRegion = en;
			hasScannedForEncodings = 0;
			knownRegions = (
				en,
				Base,
				de,
				es,
				fr,
				nl,
			);
			mainGroup = 000000000000000000000001;
			minimizedProjectReferenceProxies = 1;
			packageReferences = (
				000000000000000000000130 /* XCRemoteSwiftPackageReference "facebook-ios-sdk" */,
				000000000000000000000040 /* XCLocalSwiftPackageReference "Packages/Observability" */,
				000000000000000000000070 /* XCLocalSwiftPackageReference "Packages/SecretDJDomain" */,
				000000000000000000000080 /* XCLocalSwiftPackageReference "Packages/SecretDJAPI" */,
				000000000000000000000090 /* XCLocalSwiftPackageReference "Packages/FeedUI" */,
				000000000000000000000100 /* XCLocalSwiftPackageReference "Packages/DesignSystem" */,
				000000000000000000000110 /* XCLocalSwiftPackageReference "Packages/SharedFeatures" */,
			);
			preferredProjectObjectVersion = 90;
			productRefGroup = 000000000000000000000020 /* Products */;
			projectDirPath = "";
			projectRoot = "";
			targets = (
				000000000000000100000000 /* SecretDJ */,
				000000000000000200000000 /* SecretDJTests */,
				000000000000000930000000 /* SecretDJUITests */,
				000000000000000400000000 /* SecretDJKiosk */,
				000000000000000500000000 /* SecretDJKioskTests */,
				000000000000000950000000 /* SecretDJKioskUITests */,
			);
		};
/* End PBXProject section */

/* Begin PBXResourcesBuildPhase section */
		000000000000000140000000 /* Resources */ = {
			isa = PBXResourcesBuildPhase;
			files = (
			);
		};
		000000000000000440000000 /* Resources */ = {
			isa = PBXResourcesBuildPhase;
			files = (
			);
		};
/* End PBXResourcesBuildPhase section */

/* Begin PBXShellScriptBuildPhase section */
		000000000000000380000000 /* Upload Debug Symbols to Sentry */ = {
			isa = PBXShellScriptBuildPhase;
			inputPaths = (
				"$(DWARF_DSYM_FOLDER_PATH)/$(DWARF_DSYM_FILE_NAME)",
			);
			name = "Upload Debug Symbols to Sentry";
			runOnlyForDeploymentPostprocessing = 1;
			shellPath = /bin/sh;
			shellScript = (
				"\"$PROJECT_DIR/Scripts/upload-symbols.sh\"",
				"",
			);
		};
/* End PBXShellScriptBuildPhase section */

/* Begin PBXSourcesBuildPhase section */
		000000000000000120000000 /* Sources */ = {
			isa = PBXSourcesBuildPhase;
			files = (
			);
		};
		000000000000000220000000 /* Sources */ = {
			isa = PBXSourcesBuildPhase;
			files = (
			);
		};
		000000000000000420000000 /* Sources */ = {
			isa = PBXSourcesBuildPhase;
			files = (
			);
		};
		000000000000000520000000 /* Sources */ = {
			isa = PBXSourcesBuildPhase;
			files = (
			);
		};
		000000000000000931000000 /* Sources */ = {
			isa = PBXSourcesBuildPhase;
			files = (
			);
		};
		000000000000000951000000 /* Sources */ = {
			isa = PBXSourcesBuildPhase;
			files = (
			);
		};
/* End PBXSourcesBuildPhase section */

/* Begin PBXTargetDependency section */
		000000000000000250000000 /* PBXTargetDependency */ = {
			isa = PBXTargetDependency;
			target = 000000000000000100000000 /* SecretDJ */;
			targetProxy = 000000000000000260000000 /* PBXContainerItemProxy */;
		};
		000000000000000550000000 /* PBXTargetDependency */ = {
			isa = PBXTargetDependency;
			target = 000000000000000400000000 /* SecretDJKiosk */;
			targetProxy = 000000000000000560000000 /* PBXContainerItemProxy */;
		};
		000000000000000934000000 /* PBXTargetDependency */ = {
			isa = PBXTargetDependency;
			target = 000000000000000100000000 /* SecretDJ */;
			targetProxy = 000000000000000935000000 /* PBXContainerItemProxy */;
		};
		000000000000000954000000 /* PBXTargetDependency */ = {
			isa = PBXTargetDependency;
			target = 000000000000000400000000 /* SecretDJKiosk */;
			targetProxy = 000000000000000955000000 /* PBXContainerItemProxy */;
		};
/* End PBXTargetDependency section */

/* Begin XCBuildConfiguration section */
		000000000000000011000000 /* Debug configuration for PBXProject "SecretDJ" */ = {
			isa = XCBuildConfiguration;
			buildSettings = {
				ALWAYS_SEARCH_USER_PATHS = NO;
				APPLETVOS_DEPLOYMENT_TARGET = 27.0;
				ASSETCATALOG_COMPILER_GENERATE_SWIFT_ASSET_SYMBOL_EXTENSIONS = YES;
				CLANG_ANALYZER_NONNULL = YES;
				CLANG_ANALYZER_NUMBER_OBJECT_CONVERSION = YES_AGGRESSIVE;
				CLANG_CXX_LANGUAGE_STANDARD = "gnu++20";
				CLANG_ENABLE_MODULES = YES;
				CLANG_ENABLE_OBJC_ARC = YES;
				CLANG_ENABLE_OBJC_WEAK = YES;
				CLANG_WARN_BLOCK_CAPTURE_AUTORELEASING = YES;
				CLANG_WARN_BOOL_CONVERSION = YES;
				CLANG_WARN_COMMA = YES;
				CLANG_WARN_CONSTANT_CONVERSION = YES;
				CLANG_WARN_DEPRECATED_OBJC_IMPLEMENTATIONS = YES;
				CLANG_WARN_DIRECT_OBJC_ISA_USAGE = YES_ERROR;
				CLANG_WARN_DOCUMENTATION_COMMENTS = YES;
				CLANG_WARN_EMPTY_BODY = YES;
				CLANG_WARN_ENUM_CONVERSION = YES;
				CLANG_WARN_INFINITE_RECURSION = YES;
				CLANG_WARN_INT_CONVERSION = YES;
				CLANG_WARN_NON_LITERAL_NULL_CONVERSION = YES;
				CLANG_WARN_OBJC_IMPLICIT_RETAIN_SELF = YES;
				CLANG_WARN_OBJC_LITERAL_CONVERSION = YES;
				CLANG_WARN_OBJC_ROOT_CLASS = YES_ERROR;
				CLANG_WARN_QUOTED_INCLUDE_IN_FRAMEWORK_HEADER = YES;
				CLANG_WARN_RANGE_LOOP_ANALYSIS = YES;
				CLANG_WARN_STRICT_PROTOTYPES = YES;
				CLANG_WARN_SUSPICIOUS_MOVE = YES;
				CLANG_WARN_UNGUARDED_AVAILABILITY = YES_AGGRESSIVE;
				CLANG_WARN_UNREACHABLE_CODE = YES;
				CLANG_WARN__DUPLICATE_METHOD_MATCH = YES;
				COPY_PHASE_STRIP = NO;
				DEAD_CODE_STRIPPING = YES;
				DEBUG_INFORMATION_FORMAT = dwarf;
				DRIVERKIT_DEPLOYMENT_TARGET = 27.0;
				ENABLE_STRICT_OBJC_MSGSEND = YES;
				ENABLE_TESTABILITY = YES;
				ENABLE_USER_SCRIPT_SANDBOXING = YES;
				GCC_C_LANGUAGE_STANDARD = gnu17;
				GCC_DYNAMIC_NO_PIC = NO;
				GCC_NO_COMMON_BLOCKS = YES;
				GCC_OPTIMIZATION_LEVEL = 0;
				GCC_PREPROCESSOR_DEFINITIONS = (
					"DEBUG=1",
					"$(inherited)",
				);
				GCC_WARN_64_TO_32_BIT_CONVERSION = YES;
				GCC_WARN_ABOUT_RETURN_TYPE = YES_ERROR;
				GCC_WARN_UNDECLARED_SELECTOR = YES;
				GCC_WARN_UNINITIALIZED_AUTOS = YES_AGGRESSIVE;
				GCC_WARN_UNUSED_FUNCTION = YES;
				GCC_WARN_UNUSED_VARIABLE = YES;
				IPHONEOS_DEPLOYMENT_TARGET = 26.0;
				LOCALIZATION_PREFERS_STRING_CATALOGS = YES;
				MACOSX_DEPLOYMENT_TARGET = 27.0;
				MTL_ENABLE_DEBUG_INFO = INCLUDE_SOURCE;
				MTL_FAST_MATH = YES;
				ONLY_ACTIVE_ARCH = YES;
				PROJECT_UNIQUE_VALUE = NTP0W4PL;
				STRING_CATALOG_GENERATE_SYMBOLS = YES;
				SWIFT_ACTIVE_COMPILATION_CONDITIONS = "DEBUG $(inherited)";
				SWIFT_OPTIMIZATION_LEVEL = "-Onone";
				WATCHOS_DEPLOYMENT_TARGET = 27.0;
				XROS_DEPLOYMENT_TARGET = 27.0;
			};
			name = Debug;
		};
		000000000000000012000000 /* Release configuration for PBXProject "SecretDJ" */ = {
			isa = XCBuildConfiguration;
			buildSettings = {
				ALWAYS_SEARCH_USER_PATHS = NO;
				APPLETVOS_DEPLOYMENT_TARGET = 27.0;
				ASSETCATALOG_COMPILER_GENERATE_SWIFT_ASSET_SYMBOL_EXTENSIONS = YES;
				CLANG_ANALYZER_NONNULL = YES;
				CLANG_ANALYZER_NUMBER_OBJECT_CONVERSION = YES_AGGRESSIVE;
				CLANG_CXX_LANGUAGE_STANDARD = "gnu++20";
				CLANG_ENABLE_MODULES = YES;
				CLANG_ENABLE_OBJC_ARC = YES;
				CLANG_ENABLE_OBJC_WEAK = YES;
				CLANG_WARN_BLOCK_CAPTURE_AUTORELEASING = YES;
				CLANG_WARN_BOOL_CONVERSION = YES;
				CLANG_WARN_COMMA = YES;
				CLANG_WARN_CONSTANT_CONVERSION = YES;
				CLANG_WARN_DEPRECATED_OBJC_IMPLEMENTATIONS = YES;
				CLANG_WARN_DIRECT_OBJC_ISA_USAGE = YES_ERROR;
				CLANG_WARN_DOCUMENTATION_COMMENTS = YES;
				CLANG_WARN_EMPTY_BODY = YES;
				CLANG_WARN_ENUM_CONVERSION = YES;
				CLANG_WARN_INFINITE_RECURSION = YES;
				CLANG_WARN_INT_CONVERSION = YES;
				CLANG_WARN_NON_LITERAL_NULL_CONVERSION = YES;
				CLANG_WARN_OBJC_IMPLICIT_RETAIN_SELF = YES;
				CLANG_WARN_OBJC_LITERAL_CONVERSION = YES;
				CLANG_WARN_OBJC_ROOT_CLASS = YES_ERROR;
				CLANG_WARN_QUOTED_INCLUDE_IN_FRAMEWORK_HEADER = YES;
				CLANG_WARN_RANGE_LOOP_ANALYSIS = YES;
				CLANG_WARN_STRICT_PROTOTYPES = YES;
				CLANG_WARN_SUSPICIOUS_MOVE = YES;
				CLANG_WARN_UNGUARDED_AVAILABILITY = YES_AGGRESSIVE;
				CLANG_WARN_UNREACHABLE_CODE = YES;
				CLANG_WARN__DUPLICATE_METHOD_MATCH = YES;
				COPY_PHASE_STRIP = NO;
				DEAD_CODE_STRIPPING = YES;
				DEBUG_INFORMATION_FORMAT = "dwarf-with-dsym";
				DRIVERKIT_DEPLOYMENT_TARGET = 27.0;
				ENABLE_NS_ASSERTIONS = NO;
				ENABLE_STRICT_OBJC_MSGSEND = YES;
				ENABLE_USER_SCRIPT_SANDBOXING = YES;
				GCC_C_LANGUAGE_STANDARD = gnu17;
				GCC_NO_COMMON_BLOCKS = YES;
				GCC_WARN_64_TO_32_BIT_CONVERSION = YES;
				GCC_WARN_ABOUT_RETURN_TYPE = YES_ERROR;
				GCC_WARN_UNDECLARED_SELECTOR = YES;
				GCC_WARN_UNINITIALIZED_AUTOS = YES_AGGRESSIVE;
				GCC_WARN_UNUSED_FUNCTION = YES;
				GCC_WARN_UNUSED_VARIABLE = YES;
				IPHONEOS_DEPLOYMENT_TARGET = 26.0;
				LOCALIZATION_PREFERS_STRING_CATALOGS = YES;
				MACOSX_DEPLOYMENT_TARGET = 27.0;
				MTL_ENABLE_DEBUG_INFO = NO;
				MTL_FAST_MATH = YES;
				PROJECT_UNIQUE_VALUE = NTP0W4PL;
				STRING_CATALOG_GENERATE_SYMBOLS = YES;
				SWIFT_COMPILATION_MODE = wholemodule;
				WATCHOS_DEPLOYMENT_TARGET = 27.0;
				XROS_DEPLOYMENT_TARGET = 27.0;
			};
			name = Release;
		};
		000000000000000111000000 /* Debug configuration for PBXNativeTarget "SecretDJ" */ = {
			isa = XCBuildConfiguration;
			buildSettings = {
				ASSETCATALOG_COMPILER_APPICON_NAME = AppIcon;
				CODE_SIGN_ENTITLEMENTS = SecretDJ/SecretDJ.entitlements;
				CODE_SIGN_STYLE = Automatic;
				CURRENT_PROJECT_VERSION = 10300;
				DEVELOPMENT_TEAM = 37QJ2YY6CV;
				ENABLE_APP_SANDBOX = YES;
				ENABLE_PREVIEWS = YES;
				ENABLE_USER_SCRIPT_SANDBOXING = NO;
				ENABLE_USER_SELECTED_FILES = readonly;
				GENERATE_INFOPLIST_FILE = YES;
				INFOPLIST_FILE = SecretDJ/Info.plist;
				INFOPLIST_KEY_CFBundleDisplayName = "Secret DJ";
				INFOPLIST_KEY_NSCameraUsageDescription = "Secret DJ needs your camera so you can take a profile picture.";
				INFOPLIST_KEY_NSLocationWhenInUseUsageDescription = "Secret DJ needs your location to find venues near you.";
				INFOPLIST_KEY_NSUserTrackingUsageDescription = "We don't track you ourselves, but if you sign in with Facebook, they might.";
				"INFOPLIST_KEY_UIApplicationSceneManifest_Generation[sdk=iphoneos*]" = YES;
				"INFOPLIST_KEY_UIApplicationSceneManifest_Generation[sdk=iphonesimulator*]" = YES;
				"INFOPLIST_KEY_UIApplicationSupportsIndirectInputEvents[sdk=iphoneos*]" = YES;
				"INFOPLIST_KEY_UIApplicationSupportsIndirectInputEvents[sdk=iphonesimulator*]" = YES;
				"INFOPLIST_KEY_UILaunchScreen_Generation[sdk=iphoneos*]" = YES;
				"INFOPLIST_KEY_UILaunchScreen_Generation[sdk=iphonesimulator*]" = YES;
				"INFOPLIST_KEY_UIStatusBarStyle[sdk=iphoneos*]" = UIStatusBarStyleDefault;
				"INFOPLIST_KEY_UIStatusBarStyle[sdk=iphonesimulator*]" = UIStatusBarStyleDefault;
				INFOPLIST_KEY_UISupportedInterfaceOrientations_iPad = "UIInterfaceOrientationPortrait UIInterfaceOrientationPortraitUpsideDown UIInterfaceOrientationLandscapeLeft UIInterfaceOrientationLandscapeRight";
				INFOPLIST_KEY_UISupportedInterfaceOrientations_iPhone = "UIInterfaceOrientationPortrait UIInterfaceOrientationLandscapeLeft UIInterfaceOrientationLandscapeRight";
				LD_RUNPATH_SEARCH_PATHS = "@executable_path/Frameworks";
				"LD_RUNPATH_SEARCH_PATHS[sdk=macosx*]" = "@executable_path/../Frameworks";
				MARKETING_VERSION = 6.0.0;
				PRODUCT_BUNDLE_IDENTIFIER = "com.c-burn.secretdj";
				PRODUCT_NAME = "$(TARGET_NAME)";
				REGISTER_APP_GROUPS = YES;
				SDKROOT = auto;
				STRING_CATALOG_GENERATE_SYMBOLS = YES;
				SUPPORTED_PLATFORMS = "iphoneos iphonesimulator macosx xros xrsimulator";
				SWIFT_APPROACHABLE_CONCURRENCY = YES;
				SWIFT_DEFAULT_ACTOR_ISOLATION = MainActor;
				SWIFT_EMIT_LOC_STRINGS = YES;
				SWIFT_UPCOMING_FEATURE_MEMBER_IMPORT_VISIBILITY = YES;
				SWIFT_VERSION = 6.0;
				TARGETED_DEVICE_FAMILY = "1,2,7";
			};
			name = Debug;
		};
		000000000000000112000000 /* Release configuration for PBXNativeTarget "SecretDJ" */ = {
			isa = XCBuildConfiguration;
			buildSettings = {
				ASSETCATALOG_COMPILER_APPICON_NAME = AppIcon;
				CODE_SIGN_ENTITLEMENTS = SecretDJ/SecretDJ.entitlements;
				CODE_SIGN_STYLE = Automatic;
				CURRENT_PROJECT_VERSION = 10300;
				DEVELOPMENT_TEAM = 37QJ2YY6CV;
				ENABLE_APP_SANDBOX = YES;
				ENABLE_PREVIEWS = YES;
				ENABLE_USER_SCRIPT_SANDBOXING = NO;
				ENABLE_USER_SELECTED_FILES = readonly;
				GENERATE_INFOPLIST_FILE = YES;
				INFOPLIST_FILE = SecretDJ/Info.plist;
				INFOPLIST_KEY_CFBundleDisplayName = "Secret DJ";
				INFOPLIST_KEY_NSCameraUsageDescription = "Secret DJ needs your camera so you can take a profile picture.";
				INFOPLIST_KEY_NSLocationWhenInUseUsageDescription = "Secret DJ needs your location to find venues near you.";
				INFOPLIST_KEY_NSUserTrackingUsageDescription = "We don't track you ourselves, but if you sign in with Facebook, they might.";
				"INFOPLIST_KEY_UIApplicationSceneManifest_Generation[sdk=iphoneos*]" = YES;
				"INFOPLIST_KEY_UIApplicationSceneManifest_Generation[sdk=iphonesimulator*]" = YES;
				"INFOPLIST_KEY_UIApplicationSupportsIndirectInputEvents[sdk=iphoneos*]" = YES;
				"INFOPLIST_KEY_UIApplicationSupportsIndirectInputEvents[sdk=iphonesimulator*]" = YES;
				"INFOPLIST_KEY_UILaunchScreen_Generation[sdk=iphoneos*]" = YES;
				"INFOPLIST_KEY_UILaunchScreen_Generation[sdk=iphonesimulator*]" = YES;
				"INFOPLIST_KEY_UIStatusBarStyle[sdk=iphoneos*]" = UIStatusBarStyleDefault;
				"INFOPLIST_KEY_UIStatusBarStyle[sdk=iphonesimulator*]" = UIStatusBarStyleDefault;
				INFOPLIST_KEY_UISupportedInterfaceOrientations_iPad = "UIInterfaceOrientationPortrait UIInterfaceOrientationPortraitUpsideDown UIInterfaceOrientationLandscapeLeft UIInterfaceOrientationLandscapeRight";
				INFOPLIST_KEY_UISupportedInterfaceOrientations_iPhone = "UIInterfaceOrientationPortrait UIInterfaceOrientationLandscapeLeft UIInterfaceOrientationLandscapeRight";
				LD_RUNPATH_SEARCH_PATHS = "@executable_path/Frameworks";
				"LD_RUNPATH_SEARCH_PATHS[sdk=macosx*]" = "@executable_path/../Frameworks";
				MARKETING_VERSION = 6.0.0;
				PRODUCT_BUNDLE_IDENTIFIER = "com.c-burn.secretdj";
				PRODUCT_NAME = "$(TARGET_NAME)";
				REGISTER_APP_GROUPS = YES;
				SDKROOT = auto;
				STRING_CATALOG_GENERATE_SYMBOLS = YES;
				SUPPORTED_PLATFORMS = "iphoneos iphonesimulator macosx xros xrsimulator";
				SWIFT_APPROACHABLE_CONCURRENCY = YES;
				SWIFT_DEFAULT_ACTOR_ISOLATION = MainActor;
				SWIFT_EMIT_LOC_STRINGS = YES;
				SWIFT_UPCOMING_FEATURE_MEMBER_IMPORT_VISIBILITY = YES;
				SWIFT_VERSION = 6.0;
				TARGETED_DEVICE_FAMILY = "1,2,7";
			};
			name = Release;
		};
		000000000000000211000000 /* Debug configuration for PBXNativeTarget "SecretDJTests" */ = {
			isa = XCBuildConfiguration;
			buildSettings = {
				BUNDLE_LOADER = "$(TEST_HOST)";
				CODE_SIGN_STYLE = Automatic;
				CURRENT_PROJECT_VERSION = 1;
				DEVELOPMENT_TEAM = 37QJ2YY6CV;
				GENERATE_INFOPLIST_FILE = YES;
				MARKETING_VERSION = 1.0;
				PRODUCT_BUNDLE_IDENTIFIER = "com.c-burn.secretdj.tests";
				PRODUCT_NAME = "$(TARGET_NAME)";
				SDKROOT = auto;
				SUPPORTED_PLATFORMS = "iphoneos iphonesimulator macosx xros xrsimulator";
				SWIFT_APPROACHABLE_CONCURRENCY = YES;
				SWIFT_DEFAULT_ACTOR_ISOLATION = MainActor;
				SWIFT_EMIT_LOC_STRINGS = NO;
				SWIFT_UPCOMING_FEATURE_MEMBER_IMPORT_VISIBILITY = YES;
				SWIFT_VERSION = 6.0;
				TARGETED_DEVICE_FAMILY = "1,2,7";
				TEST_HOST = "$(BUILT_PRODUCTS_DIR)/SecretDJ.app/$(BUNDLE_EXECUTABLE_FOLDER_PATH)/SecretDJ";
			};
			name = Debug;
		};
		000000000000000212000000 /* Release configuration for PBXNativeTarget "SecretDJTests" */ = {
			isa = XCBuildConfiguration;
			buildSettings = {
				BUNDLE_LOADER = "$(TEST_HOST)";
				CODE_SIGN_STYLE = Automatic;
				CURRENT_PROJECT_VERSION = 1;
				DEVELOPMENT_TEAM = 37QJ2YY6CV;
				GENERATE_INFOPLIST_FILE = YES;
				MARKETING_VERSION = 1.0;
				PRODUCT_BUNDLE_IDENTIFIER = "com.c-burn.secretdj.tests";
				PRODUCT_NAME = "$(TARGET_NAME)";
				SDKROOT = auto;
				SUPPORTED_PLATFORMS = "iphoneos iphonesimulator macosx xros xrsimulator";
				SWIFT_APPROACHABLE_CONCURRENCY = YES;
				SWIFT_DEFAULT_ACTOR_ISOLATION = MainActor;
				SWIFT_EMIT_LOC_STRINGS = NO;
				SWIFT_UPCOMING_FEATURE_MEMBER_IMPORT_VISIBILITY = YES;
				SWIFT_VERSION = 6.0;
				TARGETED_DEVICE_FAMILY = "1,2,7";
				TEST_HOST = "$(BUILT_PRODUCTS_DIR)/SecretDJ.app/$(BUNDLE_EXECUTABLE_FOLDER_PATH)/SecretDJ";
			};
			name = Release;
		};
		000000000000000411000000 /* Debug configuration for PBXNativeTarget "SecretDJKiosk" */ = {
			isa = XCBuildConfiguration;
			buildSettings = {
				ASSETCATALOG_COMPILER_APPICON_NAME = AppIcon;
				CODE_SIGN_STYLE = Automatic;
				CURRENT_PROJECT_VERSION = 10300;
				DEVELOPMENT_TEAM = 37QJ2YY6CV;
				ENABLE_APP_SANDBOX = YES;
				ENABLE_PREVIEWS = YES;
				ENABLE_USER_SCRIPT_SANDBOXING = NO;
				ENABLE_USER_SELECTED_FILES = readonly;
				GENERATE_INFOPLIST_FILE = YES;
				INFOPLIST_KEY_CFBundleDisplayName = "Secret DJ Kiosk";
				"INFOPLIST_KEY_UIApplicationSceneManifest_Generation[sdk=iphoneos*]" = YES;
				"INFOPLIST_KEY_UIApplicationSceneManifest_Generation[sdk=iphonesimulator*]" = YES;
				"INFOPLIST_KEY_UIApplicationSupportsIndirectInputEvents[sdk=iphoneos*]" = YES;
				"INFOPLIST_KEY_UIApplicationSupportsIndirectInputEvents[sdk=iphonesimulator*]" = YES;
				"INFOPLIST_KEY_UILaunchScreen_Generation[sdk=iphoneos*]" = YES;
				"INFOPLIST_KEY_UILaunchScreen_Generation[sdk=iphonesimulator*]" = YES;
				INFOPLIST_KEY_UIStatusBarHidden = YES;
				"INFOPLIST_KEY_UIStatusBarStyle[sdk=iphoneos*]" = UIStatusBarStyleDefault;
				"INFOPLIST_KEY_UIStatusBarStyle[sdk=iphonesimulator*]" = UIStatusBarStyleDefault;
				INFOPLIST_KEY_UISupportedInterfaceOrientations = "UIInterfaceOrientationLandscapeLeft UIInterfaceOrientationLandscapeRight";
				INFOPLIST_KEY_UISupportedInterfaceOrientations_iPad = "UIInterfaceOrientationLandscapeLeft UIInterfaceOrientationLandscapeRight";
				INFOPLIST_KEY_UIViewControllerBasedStatusBarAppearance = NO;
				LD_RUNPATH_SEARCH_PATHS = "@executable_path/Frameworks";
				"LD_RUNPATH_SEARCH_PATHS[sdk=macosx*]" = "@executable_path/../Frameworks";
				MARKETING_VERSION = 6.0.0;
				PRODUCT_BUNDLE_IDENTIFIER = "com.secretdj.kiosk";
				PRODUCT_NAME = "$(TARGET_NAME)";
				REGISTER_APP_GROUPS = YES;
				SDKROOT = auto;
				STRING_CATALOG_GENERATE_SYMBOLS = YES;
				SUPPORTED_PLATFORMS = "iphoneos iphonesimulator macosx xros xrsimulator";
				SWIFT_APPROACHABLE_CONCURRENCY = YES;
				SWIFT_DEFAULT_ACTOR_ISOLATION = MainActor;
				SWIFT_EMIT_LOC_STRINGS = YES;
				SWIFT_UPCOMING_FEATURE_MEMBER_IMPORT_VISIBILITY = YES;
				SWIFT_VERSION = 6.0;
				TARGETED_DEVICE_FAMILY = 2;
			};
			name = Debug;
		};
		000000000000000412000000 /* Release configuration for PBXNativeTarget "SecretDJKiosk" */ = {
			isa = XCBuildConfiguration;
			buildSettings = {
				ASSETCATALOG_COMPILER_APPICON_NAME = AppIcon;
				CODE_SIGN_STYLE = Automatic;
				CURRENT_PROJECT_VERSION = 10300;
				DEVELOPMENT_TEAM = 37QJ2YY6CV;
				ENABLE_APP_SANDBOX = YES;
				ENABLE_PREVIEWS = YES;
				ENABLE_USER_SCRIPT_SANDBOXING = NO;
				ENABLE_USER_SELECTED_FILES = readonly;
				GENERATE_INFOPLIST_FILE = YES;
				INFOPLIST_KEY_CFBundleDisplayName = "Secret DJ Kiosk";
				"INFOPLIST_KEY_UIApplicationSceneManifest_Generation[sdk=iphoneos*]" = YES;
				"INFOPLIST_KEY_UIApplicationSceneManifest_Generation[sdk=iphonesimulator*]" = YES;
				"INFOPLIST_KEY_UIApplicationSupportsIndirectInputEvents[sdk=iphoneos*]" = YES;
				"INFOPLIST_KEY_UIApplicationSupportsIndirectInputEvents[sdk=iphonesimulator*]" = YES;
				"INFOPLIST_KEY_UILaunchScreen_Generation[sdk=iphoneos*]" = YES;
				"INFOPLIST_KEY_UILaunchScreen_Generation[sdk=iphonesimulator*]" = YES;
				INFOPLIST_KEY_UIStatusBarHidden = YES;
				"INFOPLIST_KEY_UIStatusBarStyle[sdk=iphoneos*]" = UIStatusBarStyleDefault;
				"INFOPLIST_KEY_UIStatusBarStyle[sdk=iphonesimulator*]" = UIStatusBarStyleDefault;
				INFOPLIST_KEY_UISupportedInterfaceOrientations = "UIInterfaceOrientationLandscapeLeft UIInterfaceOrientationLandscapeRight";
				INFOPLIST_KEY_UISupportedInterfaceOrientations_iPad = "UIInterfaceOrientationLandscapeLeft UIInterfaceOrientationLandscapeRight";
				INFOPLIST_KEY_UIViewControllerBasedStatusBarAppearance = NO;
				LD_RUNPATH_SEARCH_PATHS = "@executable_path/Frameworks";
				"LD_RUNPATH_SEARCH_PATHS[sdk=macosx*]" = "@executable_path/../Frameworks";
				MARKETING_VERSION = 6.0.0;
				PRODUCT_BUNDLE_IDENTIFIER = "com.secretdj.kiosk";
				PRODUCT_NAME = "$(TARGET_NAME)";
				REGISTER_APP_GROUPS = YES;
				SDKROOT = auto;
				STRING_CATALOG_GENERATE_SYMBOLS = YES;
				SUPPORTED_PLATFORMS = "iphoneos iphonesimulator macosx xros xrsimulator";
				SWIFT_APPROACHABLE_CONCURRENCY = YES;
				SWIFT_DEFAULT_ACTOR_ISOLATION = MainActor;
				SWIFT_EMIT_LOC_STRINGS = YES;
				SWIFT_UPCOMING_FEATURE_MEMBER_IMPORT_VISIBILITY = YES;
				SWIFT_VERSION = 6.0;
				TARGETED_DEVICE_FAMILY = 2;
			};
			name = Release;
		};
		000000000000000511000000 /* Debug configuration for PBXNativeTarget "SecretDJKioskTests" */ = {
			isa = XCBuildConfiguration;
			buildSettings = {
				BUNDLE_LOADER = "$(TEST_HOST)";
				CODE_SIGN_STYLE = Automatic;
				CURRENT_PROJECT_VERSION = 1;
				DEVELOPMENT_TEAM = 37QJ2YY6CV;
				GENERATE_INFOPLIST_FILE = YES;
				MARKETING_VERSION = 1.0;
				PRODUCT_BUNDLE_IDENTIFIER = "com.secretdj.kiosk.tests";
				PRODUCT_NAME = "$(TARGET_NAME)";
				SDKROOT = auto;
				SUPPORTED_PLATFORMS = "iphoneos iphonesimulator macosx xros xrsimulator";
				SWIFT_APPROACHABLE_CONCURRENCY = YES;
				SWIFT_DEFAULT_ACTOR_ISOLATION = MainActor;
				SWIFT_EMIT_LOC_STRINGS = NO;
				SWIFT_UPCOMING_FEATURE_MEMBER_IMPORT_VISIBILITY = YES;
				SWIFT_VERSION = 6.0;
				TARGETED_DEVICE_FAMILY = 2;
				TEST_HOST = "$(BUILT_PRODUCTS_DIR)/SecretDJKiosk.app/$(BUNDLE_EXECUTABLE_FOLDER_PATH)/SecretDJKiosk";
			};
			name = Debug;
		};
		000000000000000512000000 /* Release configuration for PBXNativeTarget "SecretDJKioskTests" */ = {
			isa = XCBuildConfiguration;
			buildSettings = {
				BUNDLE_LOADER = "$(TEST_HOST)";
				CODE_SIGN_STYLE = Automatic;
				CURRENT_PROJECT_VERSION = 1;
				DEVELOPMENT_TEAM = 37QJ2YY6CV;
				GENERATE_INFOPLIST_FILE = YES;
				MARKETING_VERSION = 1.0;
				PRODUCT_BUNDLE_IDENTIFIER = "com.secretdj.kiosk.tests";
				PRODUCT_NAME = "$(TARGET_NAME)";
				SDKROOT = auto;
				SUPPORTED_PLATFORMS = "iphoneos iphonesimulator macosx xros xrsimulator";
				SWIFT_APPROACHABLE_CONCURRENCY = YES;
				SWIFT_DEFAULT_ACTOR_ISOLATION = MainActor;
				SWIFT_EMIT_LOC_STRINGS = NO;
				SWIFT_UPCOMING_FEATURE_MEMBER_IMPORT_VISIBILITY = YES;
				SWIFT_VERSION = 6.0;
				TARGETED_DEVICE_FAMILY = 2;
				TEST_HOST = "$(BUILT_PRODUCTS_DIR)/SecretDJKiosk.app/$(BUNDLE_EXECUTABLE_FOLDER_PATH)/SecretDJKiosk";
			};
			name = Release;
		};
		000000000000000937000000 /* Debug configuration for PBXNativeTarget "SecretDJUITests" */ = {
			isa = XCBuildConfiguration;
			buildSettings = {
				CODE_SIGN_STYLE = Automatic;
				CURRENT_PROJECT_VERSION = 1;
				DEVELOPMENT_TEAM = 37QJ2YY6CV;
				GENERATE_INFOPLIST_FILE = YES;
				MARKETING_VERSION = 1.0;
				PRODUCT_BUNDLE_IDENTIFIER = "com.c-burn.secretdj.uitests";
				PRODUCT_NAME = "$(TARGET_NAME)";
				SDKROOT = auto;
				SUPPORTED_PLATFORMS = "iphoneos iphonesimulator macosx xros xrsimulator";
				SWIFT_APPROACHABLE_CONCURRENCY = YES;
				SWIFT_DEFAULT_ACTOR_ISOLATION = MainActor;
				SWIFT_EMIT_LOC_STRINGS = NO;
				SWIFT_UPCOMING_FEATURE_MEMBER_IMPORT_VISIBILITY = YES;
				SWIFT_VERSION = 6.0;
				TARGETED_DEVICE_FAMILY = "1,2,7";
				TEST_TARGET_NAME = "SecretDJ";
			};
			name = Debug;
		};
		000000000000000938000000 /* Release configuration for PBXNativeTarget "SecretDJUITests" */ = {
			isa = XCBuildConfiguration;
			buildSettings = {
				CODE_SIGN_STYLE = Automatic;
				CURRENT_PROJECT_VERSION = 1;
				DEVELOPMENT_TEAM = 37QJ2YY6CV;
				GENERATE_INFOPLIST_FILE = YES;
				MARKETING_VERSION = 1.0;
				PRODUCT_BUNDLE_IDENTIFIER = "com.c-burn.secretdj.uitests";
				PRODUCT_NAME = "$(TARGET_NAME)";
				SDKROOT = auto;
				SUPPORTED_PLATFORMS = "iphoneos iphonesimulator macosx xros xrsimulator";
				SWIFT_APPROACHABLE_CONCURRENCY = YES;
				SWIFT_DEFAULT_ACTOR_ISOLATION = MainActor;
				SWIFT_EMIT_LOC_STRINGS = NO;
				SWIFT_UPCOMING_FEATURE_MEMBER_IMPORT_VISIBILITY = YES;
				SWIFT_VERSION = 6.0;
				TARGETED_DEVICE_FAMILY = "1,2,7";
				TEST_TARGET_NAME = "SecretDJ";
			};
			name = Release;
		};
		000000000000000957000000 /* Debug configuration for PBXNativeTarget "SecretDJKioskUITests" */ = {
			isa = XCBuildConfiguration;
			buildSettings = {
				CODE_SIGN_STYLE = Automatic;
				CURRENT_PROJECT_VERSION = 1;
				DEVELOPMENT_TEAM = 37QJ2YY6CV;
				GENERATE_INFOPLIST_FILE = YES;
				MARKETING_VERSION = 1.0;
				PRODUCT_BUNDLE_IDENTIFIER = "com.secretdj.kiosk.uitests";
				PRODUCT_NAME = "$(TARGET_NAME)";
				SDKROOT = auto;
				SUPPORTED_PLATFORMS = "iphoneos iphonesimulator macosx xros xrsimulator";
				SWIFT_APPROACHABLE_CONCURRENCY = YES;
				SWIFT_DEFAULT_ACTOR_ISOLATION = MainActor;
				SWIFT_EMIT_LOC_STRINGS = NO;
				SWIFT_UPCOMING_FEATURE_MEMBER_IMPORT_VISIBILITY = YES;
				SWIFT_VERSION = 6.0;
				TARGETED_DEVICE_FAMILY = 2;
				TEST_TARGET_NAME = "SecretDJKiosk";
			};
			name = Debug;
		};
		000000000000000958000000 /* Release configuration for PBXNativeTarget "SecretDJKioskUITests" */ = {
			isa = XCBuildConfiguration;
			buildSettings = {
				CODE_SIGN_STYLE = Automatic;
				CURRENT_PROJECT_VERSION = 1;
				DEVELOPMENT_TEAM = 37QJ2YY6CV;
				GENERATE_INFOPLIST_FILE = YES;
				MARKETING_VERSION = 1.0;
				PRODUCT_BUNDLE_IDENTIFIER = "com.secretdj.kiosk.uitests";
				PRODUCT_NAME = "$(TARGET_NAME)";
				SDKROOT = auto;
				SUPPORTED_PLATFORMS = "iphoneos iphonesimulator macosx xros xrsimulator";
				SWIFT_APPROACHABLE_CONCURRENCY = YES;
				SWIFT_DEFAULT_ACTOR_ISOLATION = MainActor;
				SWIFT_EMIT_LOC_STRINGS = NO;
				SWIFT_UPCOMING_FEATURE_MEMBER_IMPORT_VISIBILITY = YES;
				SWIFT_VERSION = 6.0;
				TARGETED_DEVICE_FAMILY = 2;
				TEST_TARGET_NAME = "SecretDJKiosk";
			};
			name = Release;
		};
/* End XCBuildConfiguration section */

/* Begin XCConfigurationList section */
		000000000000000010000000 /* Build configuration list for PBXProject "SecretDJ" */ = {
			isa = XCConfigurationList;
			buildConfigurations = (
				000000000000000011000000 /* Debug configuration for PBXProject "SecretDJ" */,
				000000000000000012000000 /* Release configuration for PBXProject "SecretDJ" */,
			);
			defaultConfigurationName = Release;
		};
		000000000000000110000000 /* Build configuration list for PBXNativeTarget "SecretDJ" */ = {
			isa = XCConfigurationList;
			buildConfigurations = (
				000000000000000111000000 /* Debug configuration for PBXNativeTarget "SecretDJ" */,
				000000000000000112000000 /* Release configuration for PBXNativeTarget "SecretDJ" */,
			);
			defaultConfigurationName = Release;
		};
		000000000000000210000000 /* Build configuration list for PBXNativeTarget "SecretDJTests" */ = {
			isa = XCConfigurationList;
			buildConfigurations = (
				000000000000000211000000 /* Debug configuration for PBXNativeTarget "SecretDJTests" */,
				000000000000000212000000 /* Release configuration for PBXNativeTarget "SecretDJTests" */,
			);
			defaultConfigurationName = Release;
		};
		000000000000000410000000 /* Build configuration list for PBXNativeTarget "SecretDJKiosk" */ = {
			isa = XCConfigurationList;
			buildConfigurations = (
				000000000000000411000000 /* Debug configuration for PBXNativeTarget "SecretDJKiosk" */,
				000000000000000412000000 /* Release configuration for PBXNativeTarget "SecretDJKiosk" */,
			);
			defaultConfigurationName = Release;
		};
		000000000000000510000000 /* Build configuration list for PBXNativeTarget "SecretDJKioskTests" */ = {
			isa = XCConfigurationList;
			buildConfigurations = (
				000000000000000511000000 /* Debug configuration for PBXNativeTarget "SecretDJKioskTests" */,
				000000000000000512000000 /* Release configuration for PBXNativeTarget "SecretDJKioskTests" */,
			);
			defaultConfigurationName = Release;
		};
		000000000000000936000000 /* Build configuration list for PBXNativeTarget "SecretDJUITests" */ = {
			isa = XCConfigurationList;
			buildConfigurations = (
				000000000000000937000000 /* Debug configuration for PBXNativeTarget "SecretDJUITests" */,
				000000000000000938000000 /* Release configuration for PBXNativeTarget "SecretDJUITests" */,
			);
			defaultConfigurationName = Release;
		};
		000000000000000956000000 /* Build configuration list for PBXNativeTarget "SecretDJKioskUITests" */ = {
			isa = XCConfigurationList;
			buildConfigurations = (
				000000000000000957000000 /* Debug configuration for PBXNativeTarget "SecretDJKioskUITests" */,
				000000000000000958000000 /* Release configuration for PBXNativeTarget "SecretDJKioskUITests" */,
			);
			defaultConfigurationName = Release;
		};
/* End XCConfigurationList section */

/* Begin XCLocalSwiftPackageReference section */
		000000000000000000000040 /* XCLocalSwiftPackageReference "Packages/Observability" */ = {
			isa = XCLocalSwiftPackageReference;
			relativePath = Packages/Observability;
		};
		000000000000000000000070 /* XCLocalSwiftPackageReference "Packages/SecretDJDomain" */ = {
			isa = XCLocalSwiftPackageReference;
			relativePath = Packages/SecretDJDomain;
		};
		000000000000000000000080 /* XCLocalSwiftPackageReference "Packages/SecretDJAPI" */ = {
			isa = XCLocalSwiftPackageReference;
			relativePath = Packages/SecretDJAPI;
		};
		000000000000000000000090 /* XCLocalSwiftPackageReference "Packages/FeedUI" */ = {
			isa = XCLocalSwiftPackageReference;
			relativePath = Packages/FeedUI;
		};
		000000000000000000000100 /* XCLocalSwiftPackageReference "Packages/DesignSystem" */ = {
			isa = XCLocalSwiftPackageReference;
			relativePath = Packages/DesignSystem;
		};
		000000000000000000000110 /* XCLocalSwiftPackageReference "Packages/SharedFeatures" */ = {
			isa = XCLocalSwiftPackageReference;
			relativePath = Packages/SharedFeatures;
		};
/* End XCLocalSwiftPackageReference section */

/* Begin XCRemoteSwiftPackageReference section */
		000000000000000000000130 /* XCRemoteSwiftPackageReference "facebook-ios-sdk" */ = {
			isa = XCRemoteSwiftPackageReference;
			repositoryURL = "https://github.com/facebook/facebook-ios-sdk";
			requirement = {
				kind = upToNextMajorVersion;
				minimumVersion = 18.1.0;
			};
		};
/* End XCRemoteSwiftPackageReference section */

/* Begin XCSwiftPackageProductDependency section */
		000000000000000900000000 /* FacebookLogin */ = {
			isa = XCSwiftPackageProductDependency;
			package = 000000000000000000000130 /* XCRemoteSwiftPackageReference "facebook-ios-sdk" */;
			productName = FacebookLogin;
		};
		000000000000000910000000 /* FacebookCore */ = {
			isa = XCSwiftPackageProductDependency;
			package = 000000000000000000000130 /* XCRemoteSwiftPackageReference "facebook-ios-sdk" */;
			productName = FacebookCore;
		};
		000000000000000300000000 /* Observability */ = {
			isa = XCSwiftPackageProductDependency;
			productName = Observability;
		};
		000000000000000320000000 /* Observability */ = {
			isa = XCSwiftPackageProductDependency;
			productName = Observability;
		};
		000000000000000340000000 /* ObservabilityTelemetryDeck */ = {
			isa = XCSwiftPackageProductDependency;
			productName = ObservabilityTelemetryDeck;
		};
		000000000000000360000000 /* ObservabilitySentry */ = {
			isa = XCSwiftPackageProductDependency;
			productName = ObservabilitySentry;
		};
		000000000000000610000000 /* SecretDJDomain */ = {
			isa = XCSwiftPackageProductDependency;
			productName = SecretDJDomain;
		};
		000000000000000620000000 /* SecretDJAPI */ = {
			isa = XCSwiftPackageProductDependency;
			productName = SecretDJAPI;
		};
		000000000000000630000000 /* FeedUI */ = {
			isa = XCSwiftPackageProductDependency;
			productName = FeedUI;
		};
		000000000000000640000000 /* DesignSystem */ = {
			isa = XCSwiftPackageProductDependency;
			productName = DesignSystem;
		};
		000000000000000650000000 /* SharedFeatures */ = {
			isa = XCSwiftPackageProductDependency;
			productName = SharedFeatures;
		};
		000000000000000710000000 /* SecretDJDomain */ = {
			isa = XCSwiftPackageProductDependency;
			productName = SecretDJDomain;
		};
		000000000000000720000000 /* SecretDJAPI */ = {
			isa = XCSwiftPackageProductDependency;
			productName = SecretDJAPI;
		};
		000000000000000730000000 /* FeedUI */ = {
			isa = XCSwiftPackageProductDependency;
			productName = FeedUI;
		};
		000000000000000740000000 /* DesignSystem */ = {
			isa = XCSwiftPackageProductDependency;
			productName = DesignSystem;
		};
		000000000000000750000000 /* SharedFeatures */ = {
			isa = XCSwiftPackageProductDependency;
			productName = SharedFeatures;
		};
		000000000000000760000000 /* Observability */ = {
			isa = XCSwiftPackageProductDependency;
			productName = Observability;
		};
		000000000000000810000000 /* SecretDJDomain */ = {
			isa = XCSwiftPackageProductDependency;
			productName = SecretDJDomain;
		};
		000000000000000820000000 /* SecretDJAPI */ = {
			isa = XCSwiftPackageProductDependency;
			productName = SecretDJAPI;
		};
/* End XCSwiftPackageProductDependency section */
	};
	rootObject = 000000000000000000000000 /* Project object */;
}
